
Microsoft Visual Studio Solution File, Format Version 12.00
# Visual Studio Version 17
VisualStudioVersion = 17.6.33829.357
MinimumVisualStudioVersion = 10.0.40219.1
Project("{FAE04EC0-301F-11D3-BF4B-00C04F79EFBC}") = "CarWebApi", "CarWebApi\CarWebApi.csproj", "{657A64CD-6040-459D-9E3D-FD24B49EF95B}"
EndProject
Global
	GlobalSection(SolutionConfigurationPlatforms) = preSolution
		Debug|Any CPU = Debug|Any CPU
		Release|Any CPU = Release|Any CPU
	EndGlobalSection
	GlobalSection(ProjectConfigurationPlatforms) = postSolution
		{657A64CD-6040-459D-9E3D-FD24B49EF95B}.Debug|Any CPU.ActiveCfg = Debug|Any CPU
		{657A64CD-6040-459D-9E3D-FD24B49EF95B}.Debug|Any CPU.Build.0 = Debug|Any CPU
		{657A64CD-6040-459D-9E3D-FD24B49EF95B}.Release|Any CPU.ActiveCfg = Release|Any CPU
		{657A64CD-6040-459D-9E3D-FD24B49EF95B}.Release|Any CPU.Build.0 = Release|Any CPU
	EndGlobalSection
	GlobalSection(SolutionProperties) = preSolution
		HideSolutionNode = FALSE
	EndGlobalSection
	GlobalSection(ExtensibilityGlobals) = postSolution
		SolutionGuid = {2157A8B9-5A43-4467-BAF3-4F58069F5266}
	EndGlobalSection
EndGlobal
